// !$*UTF8*$!
{
	archiveVersion = 1;
	classes = {
	};
	objectVersion = 56;
	objects = {

/* Begin PBXBuildFile section */
		8EC6CE0F2A5DBAC700A316C3 /* main.swift in Sources */ = {isa = PBXBuildFile; fileRef = 8EC6CE0E2A5DBAC700A316C3 /* main.swift */; };
		8EC6CE182A5DBBF200A316C3 /* SwiftKueryMySQL in Frameworks */ = {isa = PBXBuildFile; productRef = 8EC6CE172A5DBBF200A316C3 /* SwiftKueryMySQL */; };
		8EC6CE1B2A5DBCD900A316C3 /* Model.swift in Sources */ = {isa = PBXBuildFile; fileRef = 8EC6CE1A2A5DBCD800A316C3 /* Model.swift */; };
		8EC6CE1E2A5DBD7700A316C3 /* Database.swift in Sources */ = {isa = PBXBuildFile; fileRef = 8EC6CE1D2A5DBD7700A316C3 /* Database.swift */; };
		8EC6CE202A5DBDFA00A316C3 /* Utils.swift in Sources */ = {isa = PBXBuildFile; fileRef = 8EC6CE1F2A5DBDFA00A316C3 /* Utils.swift */; };
		8EC6CE222A5DBE5300A316C3 /* CriarTabelas.swift in Sources */ = {isa = PBXBuildFile; fileRef = 8EC6CE212A5DBE5300A316C3 /* CriarTabelas.swift */; };
		8EC6CE242A5DC0D900A316C3 /* InserirDados.swift in Sources */ = {isa = PBXBuildFile; fileRef = 8EC6CE232A5DC0D900A316C3 /* InserirDados.swift */; };
		8EC6CE262A5DC3D000A316C3 /* Consultas.swift in Sources */ = {isa = PBXBuildFile; fileRef = 8EC6CE252A5DC3D000A316C3 /* Consultas.swift */; };
		8EC6CE2A2A5DCAD200A316C3 /* AlterarEstilo.swift in Sources */ = {isa = PBXBuildFile; fileRef = 8EC6CE292A5DCAD200A316C3 /* AlterarEstilo.swift */; };
		8EC6CE2C2A5DD23A00A316C3 /* RemoverRegistro.swift in Sources */ = {isa = PBXBuildFile; fileRef = 8EC6CE2B2A5DD23A00A316C3 /* RemoverRegistro.swift */; };
		8EC6CE2E2A5DD3A700A316C3 /* RemoveTabelas.swift in Sources */ = {isa = PBXBuildFile; fileRef = 8EC6CE2D2A5DD3A700A316C3 /* RemoveTabelas.swift */; };
/* End PBXBuildFile section */

/* Begin PBXCopyFilesBuildPhase section */
		8EC6CE092A5DBAC700A316C3 /* CopyFiles */ = {
			isa = PBXCopyFilesBuildPhase;
			buildActionMask = 2147483647;
			dstPath = /usr/share/man/man1/;
			dstSubfolderSpec = 0;
			files = (
			);
			runOnlyForDeploymentPostprocessing = 1;
		};
/* End PBXCopyFilesBuildPhase section */

/* Begin PBXFileReference section */
		8EC6CE0B2A5DBAC700A316C3 /* AppMusicasComBanco */ = {isa = PBXFileReference; explicitFileType = "compiled.mach-o.executable"; includeInIndex = 0; path = AppMusicasComBanco; sourceTree = BUILT_PRODUCTS_DIR; };
		8EC6CE0E2A5DBAC700A316C3 /* main.swift */ = {isa = PBXFileReference; lastKnownFileType = sourcecode.swift; path = main.swift; sourceTree = "<group>"; };
		8EC6CE152A5DBAD100A316C3 /* AppMusicasComBanco.entitlements */ = {isa = PBXFileReference; lastKnownFileType = text.plist.entitlements; path = AppMusicasComBanco.entitlements; sourceTree = "<group>"; };
		8EC6CE1A2A5DBCD800A316C3 /* Model.swift */ = {isa = PBXFileReference; lastKnownFileType = sourcecode.swift; path = Model.swift; sourceTree = "<group>"; };
		8EC6CE1C2A5DBD2700A316C3 /* connection.json */ = {isa = PBXFileReference; lastKnownFileType = text.json; path = connection.json; sourceTree = "<group>"; };
		8EC6CE1D2A5DBD7700A316C3 /* Database.swift */ = {isa = PBXFileReference; lastKnownFileType = sourcecode.swift; path = Database.swift; sourceTree = "<group>"; };
		8EC6CE1F2A5DBDFA00A316C3 /* Utils.swift */ = {isa = PBXFileReference; lastKnownFileType = sourcecode.swift; path = Utils.swift; sourceTree = "<group>"; };
		8EC6CE212A5DBE5300A316C3 /* CriarTabelas.swift */ = {isa = PBXFileReference; lastKnownFileType = sourcecode.swift; path = CriarTabelas.swift; sourceTree = "<group>"; };
		8EC6CE232A5DC0D900A316C3 /* InserirDados.swift */ = {isa = PBXFileReference; lastKnownFileType = sourcecode.swift; path = InserirDados.swift; sourceTree = "<group>"; };
		8EC6CE252A5DC3D000A316C3 /* Consultas.swift */ = {isa = PBXFileReference; lastKnownFileType = sourcecode.swift; path = Consultas.swift; sourceTree = "<group>"; };
		8EC6CE292A5DCAD200A316C3 /* AlterarEstilo.swift */ = {isa = PBXFileReference; lastKnownFileType = sourcecode.swift; path = AlterarEstilo.swift; sourceTree = "<group>"; };
		8EC6CE2B2A5DD23A00A316C3 /* RemoverRegistro.swift */ = {isa = PBXFileReference; lastKnownFileType = sourcecode.swift; path = RemoverRegistro.swift; sourceTree = "<group>"; };
		8EC6CE2D2A5DD3A700A316C3 /* RemoveTabelas.swift */ = {isa = PBXFileReference; lastKnownFileType = sourcecode.swift; path = RemoveTabelas.swift; sourceTree = "<group>"; };
/* End PBXFileReference section */

/* Begin PBXFrameworksBuildPhase section */
		8EC6CE082A5DBAC700A316C3 /* Frameworks */ = {
			isa = PBXFrameworksBuildPhase;
			buildActionMask = 2147483647;
			files = (
				8EC6CE182A5DBBF200A316C3 /* SwiftKueryMySQL in Frameworks */,
			);
			runOnlyForDeploymentPostprocessing = 0;
		};
/* End PBXFrameworksBuildPhase section */

/* Begin PBXGroup section */
		8EC6CE022A5DBAC700A316C3 = {
			isa = PBXGroup;
			children = (
				8EC6CE0D2A5DBAC700A316C3 /* AppMusicasComBanco */,
				8EC6CE0C2A5DBAC700A316C3 /* Products */,
			);
			sourceTree = "<group>";
		};
		8EC6CE0C2A5DBAC700A316C3 /* Products */ = {
			isa = PBXGroup;
			children = (
				8EC6CE0B2A5DBAC700A316C3 /* AppMusicasComBanco */,
			);
			name = Products;
			sourceTree = "<group>";
		};
		8EC6CE0D2A5DBAC700A316C3 /* AppMusicasComBanco */ = {
			isa = PBXGroup;
			children = (
				8EC6CE192A5DBC9400A316C3 /* databaseAPI */,
				8EC6CE152A5DBAD100A316C3 /* AppMusicasComBanco.entitlements */,
				8EC6CE0E2A5DBAC700A316C3 /* main.swift */,
			);
			path = AppMusicasComBanco;
			sourceTree = "<group>";
		};
		8EC6CE192A5DBC9400A316C3 /* databaseAPI */ = {
			isa = PBXGroup;
			children = (
				8EC6CE1C2A5DBD2700A316C3 /* connection.json */,
				8EC6CE1F2A5DBDFA00A316C3 /* Utils.swift */,
				8EC6CE1D2A5DBD7700A316C3 /* Database.swift */,
				8EC6CE212A5DBE5300A316C3 /* CriarTabelas.swift */,
				8EC6CE232A5DC0D900A316C3 /* InserirDados.swift */,
				8EC6CE1A2A5DBCD800A316C3 /* Model.swift */,
				8EC6CE252A5DC3D000A316C3 /* Consultas.swift */,
				8EC6CE292A5DCAD200A316C3 /* AlterarEstilo.swift */,
				8EC6CE2B2A5DD23A00A316C3 /* RemoverRegistro.swift */,
				8EC6CE2D2A5DD3A700A316C3 /* RemoveTabelas.swift */,
			);
			path = databaseAPI;
			sourceTree = "<group>";
		};
/* End PBXGroup section */

/* Begin PBXNativeTarget section */
		8EC6CE0A2A5DBAC700A316C3 /* AppMusicasComBanco */ = {
			isa = PBXNativeTarget;
			buildConfigurationList = 8EC6CE122A5DBAC700A316C3 /* Build configuration list for PBXNativeTarget "AppMusicasComBanco" */;
			buildPhases = (
				8EC6CE072A5DBAC700A316C3 /* Sources */,
				8EC6CE082A5DBAC700A316C3 /* Frameworks */,
				8EC6CE092A5DBAC700A316C3 /* CopyFiles */,
			);
			buildRules = (
			);
			dependencies = (
			);
			name = AppMusicasComBanco;
			packageProductDependencies = (
				8EC6CE172A5DBBF200A316C3 /* SwiftKueryMySQL */,
			);
			productName = AppMusicasComBanco;
			productReference = 8EC6CE0B2A5DBAC700A316C3 /* AppMusicasComBanco */;
			productType = "com.apple.product-type.tool";
		};
/* End PBXNativeTarget section */

/* Begin PBXProject section */
		8EC6CE032A5DBAC700A316C3 /* Project object */ = {
			isa = PBXProject;
			attributes = {
				BuildIndependentTargetsInParallel = 1;
				LastSwiftUpdateCheck = 1420;
				LastUpgradeCheck = 1420;
				TargetAttributes = {
					8EC6CE0A2A5DBAC700A316C3 = {
						CreatedOnToolsVersion = 14.2;
					};
				};
			};
			buildConfigurationList = 8EC6CE062A5DBAC700A316C3 /* Build configuration list for PBXProject "AppMusicasComBanco" */;
			compatibilityVersion = "Xcode 14.0";
			developmentRegion = en;
			hasScannedForEncodings = 0;
			knownRegions = (
				en,
				Base,
			);
			mainGroup = 8EC6CE022A5DBAC700A316C3;
			packageReferences = (
				8EC6CE162A5DBBF200A316C3 /* XCRemoteSwiftPackageReference "swiftkuerymysql" */,
			);
			productRefGroup = 8EC6CE0C2A5DBAC700A316C3 /* Products */;
			projectDirPath = "";
			projectRoot = "";
			targets = (
				8EC6CE0A2A5DBAC700A316C3 /* AppMusicasComBanco */,
			);
		};
/* End PBXProject section */

/* Begin PBXSourcesBuildPhase section */
		8EC6CE072A5DBAC700A316C3 /* Sources */ = {
			isa = PBXSourcesBuildPhase;
			buildActionMask = 2147483647;
			files = (
				8EC6CE2E2A5DD3A700A316C3 /* RemoveTabelas.swift in Sources */,
				8EC6CE222A5DBE5300A316C3 /* CriarTabelas.swift in Sources */,
				8EC6CE2A2A5DCAD200A316C3 /* AlterarEstilo.swift in Sources */,
				8EC6CE1E2A5DBD7700A316C3 /* Database.swift in Sources */,
				8EC6CE262A5DC3D000A316C3 /* Consultas.swift in Sources */,
				8EC6CE2C2A5DD23A00A316C3 /* RemoverRegistro.swift in Sources */,
				8EC6CE242A5DC0D900A316C3 /* InserirDados.swift in Sources */,
				8EC6CE202A5DBDFA00A316C3 /* Utils.swift in Sources */,
				8EC6CE0F2A5DBAC700A316C3 /* main.swift in Sources */,
				8EC6CE1B2A5DBCD900A316C3 /* Model.swift in Sources */,
			);
			runOnlyForDeploymentPostprocessing = 0;
		};
/* End PBXSourcesBuildPhase section */

/* Begin XCBuildConfiguration section */
		8EC6CE102A5DBAC700A316C3 /* Debug */ = {
			isa = XCBuildConfiguration;
			buildSettings = {
				ALWAYS_SEARCH_USER_PATHS = NO;
				CLANG_ANALYZER_NONNULL = YES;
				CLANG_ANALYZER_NUMBER_OBJECT_CONVERSION = YES_AGGRESSIVE;
				CLANG_CXX_LANGUAGE_STANDARD = "gnu++20";
				CLANG_ENABLE_MODULES = YES;
				CLANG_ENABLE_OBJC_ARC = YES;
				CLANG_ENABLE_OBJC_WEAK = YES;
				CLANG_WARN_BLOCK_CAPTURE_AUTORELEASING = YES;
				CLANG_WARN_BOOL_CONVERSION = YES;
				CLANG_WARN_COMMA = YES;
				CLANG_WARN_CONSTANT_CONVERSION = YES;
				CLANG_WARN_DEPRECATED_OBJC_IMPLEMENTATIONS = YES;
				CLANG_WARN_DIRECT_OBJC_ISA_USAGE = YES_ERROR;
				CLANG_WARN_DOCUMENTATION_COMMENTS = YES;
				CLANG_WARN_EMPTY_BODY = YES;
				CLANG_WARN_ENUM_CONVERSION = YES;
				CLANG_WARN_INFINITE_RECURSION = YES;
				CLANG_WARN_INT_CONVERSION = YES;
				CLANG_WARN_NON_LITERAL_NULL_CONVERSION = YES;
				CLANG_WARN_OBJC_IMPLICIT_RETAIN_SELF = YES;
				CLANG_WARN_OBJC_LITERAL_CONVERSION = YES;
				CLANG_WARN_OBJC_ROOT_CLASS = YES_ERROR;
				CLANG_WARN_QUOTED_INCLUDE_IN_FRAMEWORK_HEADER = YES;
				CLANG_WARN_RANGE_LOOP_ANALYSIS = YES;
				CLANG_WARN_STRICT_PROTOTYPES = YES;
				CLANG_WARN_SUSPICIOUS_MOVE = YES;
				CLANG_WARN_UNGUARDED_AVAILABILITY = YES_AGGRESSIVE;
				CLANG_WARN_UNREACHABLE_CODE = YES;
				CLANG_WARN__DUPLICATE_METHOD_MATCH = YES;
				COPY_PHASE_STRIP = NO;
				DEBUG_INFORMATION_FORMAT = dwarf;
				ENABLE_STRICT_OBJC_MSGSEND = YES;
				ENABLE_TESTABILITY = YES;
				GCC_C_LANGUAGE_STANDARD = gnu11;
				GCC_DYNAMIC_NO_PIC = NO;
				GCC_NO_COMMON_BLOCKS = YES;
				GCC_OPTIMIZATION_LEVEL = 0;
				GCC_PREPROCESSOR_DEFINITIONS = (
					"DEBUG=1",
					"$(inherited)",
				);
				GCC_WARN_64_TO_32_BIT_CONVERSION = YES;
				GCC_WARN_ABOUT_RETURN_TYPE = YES_ERROR;
				GCC_WARN_UNDECLARED_SELECTOR = YES;
				GCC_WARN_UNINITIALIZED_AUTOS = YES_AGGRESSIVE;
				GCC_WARN_UNUSED_FUNCTION = YES;
				GCC_WARN_UNUSED_VARIABLE = YES;
				MACOSX_DEPLOYMENT_TARGET = 12.6;
				MTL_ENABLE_DEBUG_INFO = INCLUDE_SOURCE;
				MTL_FAST_MATH = YES;
				ONLY_ACTIVE_ARCH = YES;
				SDKROOT = macosx;
				SWIFT_ACTIVE_COMPILATION_CONDITIONS = DEBUG;
				SWIFT_OPTIMIZATION_LEVEL = "-Onone";
			};
			name = Debug;
		};
		8EC6CE112A5DBAC700A316C3 /* Release */ = {
			isa = XCBuildConfiguration;
			buildSettings = {
				ALWAYS_SEARCH_USER_PATHS = NO;
				CLANG_ANALYZER_NONNULL = YES;
				CLANG_ANALYZER_NUMBER_OBJECT_CONVERSION = YES_AGGRESSIVE;
				CLANG_CXX_LANGUAGE_STANDARD = "gnu++20";
				CLANG_ENABLE_MODULES = YES;
				CLANG_ENABLE_OBJC_ARC = YES;
				CLANG_ENABLE_OBJC_WEAK = YES;
				CLANG_WARN_BLOCK_CAPTURE_AUTORELEASING = YES;
				CLANG_WARN_BOOL_CONVERSION = YES;
				CLANG_WARN_COMMA = YES;
				CLANG_WARN_CONSTANT_CONVERSION = YES;
				CLANG_WARN_DEPRECATED_OBJC_IMPLEMENTATIONS = YES;
				CLANG_WARN_DIRECT_OBJC_ISA_USAGE = YES_ERROR;
				CLANG_WARN_DOCUMENTATION_COMMENTS = YES;
				CLANG_WARN_EMPTY_BODY = YES;
				CLANG_WARN_ENUM_CONVERSION = YES;
				CLANG_WARN_INFINITE_RECURSION = YES;
				CLANG_WARN_INT_CONVERSION = YES;
				CLANG_WARN_NON_LITERAL_NULL_CONVERSION = YES;
				CLANG_WARN_OBJC_IMPLICIT_RETAIN_SELF = YES;
				CLANG_WARN_OBJC_LITERAL_CONVERSION = YES;
				CLANG_WARN_OBJC_ROOT_CLASS = YES_ERROR;
				CLANG_WARN_QUOTED_INCLUDE_IN_FRAMEWORK_HEADER = YES;
				CLANG_WARN_RANGE_LOOP_ANALYSIS = YES;
				CLANG_WARN_STRICT_PROTOTYPES = YES;
				CLANG_WARN_SUSPICIOUS_MOVE = YES;
				CLANG_WARN_UNGUARDED_AVAILABILITY = YES_AGGRESSIVE;
				CLANG_WARN_UNREACHABLE_CODE = YES;
				CLANG_WARN__DUPLICATE_METHOD_MATCH = YES;
				COPY_PHASE_STRIP = NO;
				DEBUG_INFORMATION_FORMAT = "dwarf-with-dsym";
				ENABLE_NS_ASSERTIONS = NO;
				ENABLE_STRICT_OBJC_MSGSEND = YES;
				GCC_C_LANGUAGE_STANDARD = gnu11;
				GCC_NO_COMMON_BLOCKS = YES;
				GCC_WARN_64_TO_32_BIT_CONVERSION = YES;
				GCC_WARN_ABOUT_RETURN_TYPE = YES_ERROR;
				GCC_WARN_UNDECLARED_SELECTOR = YES;
				GCC_WARN_UNINITIALIZED_AUTOS = YES_AGGRESSIVE;
				GCC_WARN_UNUSED_FUNCTION = YES;
				GCC_WARN_UNUSED_VARIABLE = YES;
				MACOSX_DEPLOYMENT_TARGET = 12.6;
				MTL_ENABLE_DEBUG_INFO = NO;
				MTL_FAST_MATH = YES;
				SDKROOT = macosx;
				SWIFT_COMPILATION_MODE = wholemodule;
				SWIFT_OPTIMIZATION_LEVEL = "-O";
			};
			name = Release;
		};
		8EC6CE132A5DBAC700A316C3 /* Debug */ = {
			isa = XCBuildConfiguration;
			buildSettings = {
				CODE_SIGN_ENTITLEMENTS = AppMusicasComBanco/AppMusicasComBanco.entitlements;
				CODE_SIGN_STYLE = Automatic;
				DEVELOPMENT_TEAM = 7H43G7CK3U;
				ENABLE_HARDENED_RUNTIME = YES;
				PRODUCT_NAME = "$(TARGET_NAME)";
				SWIFT_VERSION = 5.0;
			};
			name = Debug;
		};
		8EC6CE142A5DBAC700A316C3 /* Release */ = {
			isa = XCBuildConfiguration;
			buildSettings = {
				CODE_SIGN_ENTITLEMENTS = AppMusicasComBanco/AppMusicasComBanco.entitlements;
				CODE_SIGN_STYLE = Automatic;
				DEVELOPMENT_TEAM = 7H43G7CK3U;
				ENABLE_HARDENED_RUNTIME = YES;
				PRODUCT_NAME = "$(TARGET_NAME)";
				SWIFT_VERSION = 5.0;
			};
			name = Release;
		};
/* End XCBuildConfiguration section */

/* Begin XCConfigurationList section */
		8EC6CE062A5DBAC700A316C3 /* Build configuration list for PBXProject "AppMusicasComBanco" */ = {
			isa = XCConfigurationList;
			buildConfigurations = (
				8EC6CE102A5DBAC700A316C3 /* Debug */,
				8EC6CE112A5DBAC700A316C3 /* Release */,
			);
			defaultConfigurationIsVisible = 0;
			defaultConfigurationName = Release;
		};
		8EC6CE122A5DBAC700A316C3 /* Build configuration list for PBXNativeTarget "AppMusicasComBanco" */ = {
			isa = XCConfigurationList;
			buildConfigurations = (
				8EC6CE132A5DBAC700A316C3 /* Debug */,
				8EC6CE142A5DBAC700A316C3 /* Release */,
			);
			defaultConfigurationIsVisible = 0;
			defaultConfigurationName = Release;
		};
/* End XCConfigurationList section */

/* Begin XCRemoteSwiftPackageReference section */
		8EC6CE162A5DBBF200A316C3 /* XCRemoteSwiftPackageReference "swiftkuerymysql" */ = {
			isa = XCRemoteSwiftPackageReference;
			repositoryURL = "https://github.com/kitura/swiftkuerymysql.git";
			requirement = {
				branch = master;
				kind = branch;
			};
		};
/* End XCRemoteSwiftPackageReference section */

/* Begin XCSwiftPackageProductDependency section */
		8EC6CE172A5DBBF200A316C3 /* SwiftKueryMySQL */ = {
			isa = XCSwiftPackageProductDependency;
			package = 8EC6CE162A5DBBF200A316C3 /* XCRemoteSwiftPackageReference "swiftkuerymysql" */;
			productName = SwiftKueryMySQL;
		};
/* End XCSwiftPackageProductDependency section */
	};
	rootObject = 8EC6CE032A5DBAC700A316C3 /* Project object */;
}
