// !$*UTF8*$!
{
	archiveVersion = 1;
	classes = {
	};
	objectVersion = 56;
	objects = {

/* Begin PBXBuildFile section */
		8E933C252A64B3F2002D66E9 /* main.swift in Sources */ = {isa = PBXBuildFile; fileRef = 8E933C242A64B3F2002D66E9 /* main.swift */; };
		8E933C2E2A64B694002D66E9 /* SwiftKueryMySQL in Frameworks */ = {isa = PBXBuildFile; productRef = 8E933C2D2A64B694002D66E9 /* SwiftKueryMySQL */; };
		8E933C312A64B7E5002D66E9 /* Utils.swift in Sources */ = {isa = PBXBuildFile; fileRef = 8E933C302A64B7E5002D66E9 /* Utils.swift */; };
		8E933C342A64C2D1002D66E9 /* Model.swift in Sources */ = {isa = PBXBuildFile; fileRef = 8E933C332A64C2D1002D66E9 /* Model.swift */; };
		8E933C362A64C509002D66E9 /* Database.swift in Sources */ = {isa = PBXBuildFile; fileRef = 8E933C352A64C509002D66E9 /* Database.swift */; };
		8E933C382A64C623002D66E9 /* CriarTabelas.swift in Sources */ = {isa = PBXBuildFile; fileRef = 8E933C372A64C623002D66E9 /* CriarTabelas.swift */; };
		8E933C3A2A64C9AB002D66E9 /* InserirDados.swift in Sources */ = {isa = PBXBuildFile; fileRef = 8E933C392A64C9AB002D66E9 /* InserirDados.swift */; };
		8E933C3C2A64CC02002D66E9 /* Consultas.swift in Sources */ = {isa = PBXBuildFile; fileRef = 8E933C3B2A64CC02002D66E9 /* Consultas.swift */; };
		8E933C3E2A64CF21002D66E9 /* AlterarEstilo.swift in Sources */ = {isa = PBXBuildFile; fileRef = 8E933C3D2A64CF21002D66E9 /* AlterarEstilo.swift */; };
		8E933C402A64D01B002D66E9 /* RemoverRegistro.swift in Sources */ = {isa = PBXBuildFile; fileRef = 8E933C3F2A64D01B002D66E9 /* RemoverRegistro.swift */; };
		8E933C422A64D0F9002D66E9 /* RemoveTabelas.swift in Sources */ = {isa = PBXBuildFile; fileRef = 8E933C412A64D0F9002D66E9 /* RemoveTabelas.swift */; };
/* End PBXBuildFile section */

/* Begin PBXCopyFilesBuildPhase section */
		8E933C1F2A64B3F2002D66E9 /* CopyFiles */ = {
			isa = PBXCopyFilesBuildPhase;
			buildActionMask = 2147483647;
			dstPath = /usr/share/man/man1/;
			dstSubfolderSpec = 0;
			files = (
			);
			runOnlyForDeploymentPostprocessing = 1;
		};
/* End PBXCopyFilesBuildPhase section */

/* Begin PBXFileReference section */
		8E933C212A64B3F2002D66E9 /* AppMusicasComBanco */ = {isa = PBXFileReference; explicitFileType = "compiled.mach-o.executable"; includeInIndex = 0; path = AppMusicasComBanco; sourceTree = BUILT_PRODUCTS_DIR; };
		8E933C242A64B3F2002D66E9 /* main.swift */ = {isa = PBXFileReference; lastKnownFileType = sourcecode.swift; path = main.swift; sourceTree = "<group>"; };
		8E933C2B2A64B454002D66E9 /* AppMusicasComBanco.entitlements */ = {isa = PBXFileReference; lastKnownFileType = text.plist.entitlements; path = AppMusicasComBanco.entitlements; sourceTree = "<group>"; };
		8E933C2F2A64B6F7002D66E9 /* connection.json */ = {isa = PBXFileReference; lastKnownFileType = text.json; path = connection.json; sourceTree = "<group>"; };
		8E933C302A64B7E5002D66E9 /* Utils.swift */ = {isa = PBXFileReference; lastKnownFileType = sourcecode.swift; path = Utils.swift; sourceTree = "<group>"; };
		8E933C332A64C2D1002D66E9 /* Model.swift */ = {isa = PBXFileReference; lastKnownFileType = sourcecode.swift; path = Model.swift; sourceTree = "<group>"; };
		8E933C352A64C509002D66E9 /* Database.swift */ = {isa = PBXFileReference; lastKnownFileType = sourcecode.swift; path = Database.swift; sourceTree = "<group>"; };
		8E933C372A64C623002D66E9 /* CriarTabelas.swift */ = {isa = PBXFileReference; lastKnownFileType = sourcecode.swift; path = CriarTabelas.swift; sourceTree = "<group>"; };
		8E933C392A64C9AB002D66E9 /* InserirDados.swift */ = {isa = PBXFileReference; lastKnownFileType = sourcecode.swift; path = InserirDados.swift; sourceTree = "<group>"; };
		8E933C3B2A64CC02002D66E9 /* Consultas.swift */ = {isa = PBXFileReference; lastKnownFileType = sourcecode.swift; path = Consultas.swift; sourceTree = "<group>"; };
		8E933C3D2A64CF21002D66E9 /* AlterarEstilo.swift */ = {isa = PBXFileReference; lastKnownFileType = sourcecode.swift; path = AlterarEstilo.swift; sourceTree = "<group>"; };
		8E933C3F2A64D01B002D66E9 /* RemoverRegistro.swift */ = {isa = PBXFileReference; lastKnownFileType = sourcecode.swift; path = RemoverRegistro.swift; sourceTree = "<group>"; };
		8E933C412A64D0F9002D66E9 /* RemoveTabelas.swift */ = {isa = PBXFileReference; lastKnownFileType = sourcecode.swift; path = RemoveTabelas.swift; sourceTree = "<group>"; };
/* End PBXFileReference section */

/* Begin PBXFrameworksBuildPhase section */
		8E933C1E2A64B3F2002D66E9 /* Frameworks */ = {
			isa = PBXFrameworksBuildPhase;
			buildActionMask = 2147483647;
			files = (
				8E933C2E2A64B694002D66E9 /* SwiftKueryMySQL in Frameworks */,
			);
			runOnlyForDeploymentPostprocessing = 0;
		};
/* End PBXFrameworksBuildPhase section */

/* Begin PBXGroup section */
		8E933C182A64B3F2002D66E9 = {
			isa = PBXGroup;
			children = (
				8E933C232A64B3F2002D66E9 /* AppMusicasComBanco */,
				8E933C222A64B3F2002D66E9 /* Products */,
			);
			sourceTree = "<group>";
		};
		8E933C222A64B3F2002D66E9 /* Products */ = {
			isa = PBXGroup;
			children = (
				8E933C212A64B3F2002D66E9 /* AppMusicasComBanco */,
			);
			name = Products;
			sourceTree = "<group>";
		};
		8E933C232A64B3F2002D66E9 /* AppMusicasComBanco */ = {
			isa = PBXGroup;
			children = (
				8E933C322A64C2AB002D66E9 /* databaseAPI */,
				8E933C2B2A64B454002D66E9 /* AppMusicasComBanco.entitlements */,
				8E933C242A64B3F2002D66E9 /* main.swift */,
				8E933C2F2A64B6F7002D66E9 /* connection.json */,
				8E933C302A64B7E5002D66E9 /* Utils.swift */,
				8E933C3B2A64CC02002D66E9 /* Consultas.swift */,
				8E933C3D2A64CF21002D66E9 /* AlterarEstilo.swift */,
				8E933C3F2A64D01B002D66E9 /* RemoverRegistro.swift */,
				8E933C412A64D0F9002D66E9 /* RemoveTabelas.swift */,
			);
			path = AppMusicasComBanco;
			sourceTree = "<group>";
		};
		8E933C322A64C2AB002D66E9 /* databaseAPI */ = {
			isa = PBXGroup;
			children = (
				8E933C332A64C2D1002D66E9 /* Model.swift */,
				8E933C352A64C509002D66E9 /* Database.swift */,
				8E933C372A64C623002D66E9 /* CriarTabelas.swift */,
				8E933C392A64C9AB002D66E9 /* InserirDados.swift */,
			);
			path = databaseAPI;
			sourceTree = "<group>";
		};
/* End PBXGroup section */

/* Begin PBXNativeTarget section */
		8E933C202A64B3F2002D66E9 /* AppMusicasComBanco */ = {
			isa = PBXNativeTarget;
			buildConfigurationList = 8E933C282A64B3F2002D66E9 /* Build configuration list for PBXNativeTarget "AppMusicasComBanco" */;
			buildPhases = (
				8E933C1D2A64B3F2002D66E9 /* Sources */,
				8E933C1E2A64B3F2002D66E9 /* Frameworks */,
				8E933C1F2A64B3F2002D66E9 /* CopyFiles */,
			);
			buildRules = (
			);
			dependencies = (
			);
			name = AppMusicasComBanco;
			packageProductDependencies = (
				8E933C2D2A64B694002D66E9 /* SwiftKueryMySQL */,
			);
			productName = AppMusicasComBanco;
			productReference = 8E933C212A64B3F2002D66E9 /* AppMusicasComBanco */;
			productType = "com.apple.product-type.tool";
		};
/* End PBXNativeTarget section */

/* Begin PBXProject section */
		8E933C192A64B3F2002D66E9 /* Project object */ = {
			isa = PBXProject;
			attributes = {
				BuildIndependentTargetsInParallel = 1;
				LastSwiftUpdateCheck = 1420;
				LastUpgradeCheck = 1420;
				TargetAttributes = {
					8E933C202A64B3F2002D66E9 = {
						CreatedOnToolsVersion = 14.2;
					};
				};
			};
			buildConfigurationList = 8E933C1C2A64B3F2002D66E9 /* Build configuration list for PBXProject "AppMusicasComBanco" */;
			compatibilityVersion = "Xcode 14.0";
			developmentRegion = en;
			hasScannedForEncodings = 0;
			knownRegions = (
				en,
				Base,
			);
			mainGroup = 8E933C182A64B3F2002D66E9;
			packageReferences = (
				8E933C2C2A64B694002D66E9 /* XCRemoteSwiftPackageReference "swiftkuerymysql" */,
			);
			productRefGroup = 8E933C222A64B3F2002D66E9 /* Products */;
			projectDirPath = "";
			projectRoot = "";
			targets = (
				8E933C202A64B3F2002D66E9 /* AppMusicasComBanco */,
			);
		};
/* End PBXProject section */

/* Begin PBXSourcesBuildPhase section */
		8E933C1D2A64B3F2002D66E9 /* Sources */ = {
			isa = PBXSourcesBuildPhase;
			buildActionMask = 2147483647;
			files = (
				8E933C422A64D0F9002D66E9 /* RemoveTabelas.swift in Sources */,
				8E933C382A64C623002D66E9 /* CriarTabelas.swift in Sources */,
				8E933C3E2A64CF21002D66E9 /* AlterarEstilo.swift in Sources */,
				8E933C342A64C2D1002D66E9 /* Model.swift in Sources */,
				8E933C3C2A64CC02002D66E9 /* Consultas.swift in Sources */,
				8E933C402A64D01B002D66E9 /* RemoverRegistro.swift in Sources */,
				8E933C3A2A64C9AB002D66E9 /* InserirDados.swift in Sources */,
				8E933C252A64B3F2002D66E9 /* main.swift in Sources */,
				8E933C362A64C509002D66E9 /* Database.swift in Sources */,
				8E933C312A64B7E5002D66E9 /* Utils.swift in Sources */,
			);
			runOnlyForDeploymentPostprocessing = 0;
		};
/* End PBXSourcesBuildPhase section */

/* Begin XCBuildConfiguration section */
		8E933C262A64B3F2002D66E9 /* Debug */ = {
			isa = XCBuildConfiguration;
			buildSettings = {
				ALWAYS_SEARCH_USER_PATHS = NO;
				CLANG_ANALYZER_NONNULL = YES;
				CLANG_ANALYZER_NUMBER_OBJECT_CONVERSION = YES_AGGRESSIVE;
				CLANG_CXX_LANGUAGE_STANDARD = "gnu++20";
				CLANG_ENABLE_MODULES = YES;
				CLANG_ENABLE_OBJC_ARC = YES;
				CLANG_ENABLE_OBJC_WEAK = YES;
				CLANG_WARN_BLOCK_CAPTURE_AUTORELEASING = YES;
				CLANG_WARN_BOOL_CONVERSION = YES;
				CLANG_WARN_COMMA = YES;
				CLANG_WARN_CONSTANT_CONVERSION = YES;
				CLANG_WARN_DEPRECATED_OBJC_IMPLEMENTATIONS = YES;
				CLANG_WARN_DIRECT_OBJC_ISA_USAGE = YES_ERROR;
				CLANG_WARN_DOCUMENTATION_COMMENTS = YES;
				CLANG_WARN_EMPTY_BODY = YES;
				CLANG_WARN_ENUM_CONVERSION = YES;
				CLANG_WARN_INFINITE_RECURSION = YES;
				CLANG_WARN_INT_CONVERSION = YES;
				CLANG_WARN_NON_LITERAL_NULL_CONVERSION = YES;
				CLANG_WARN_OBJC_IMPLICIT_RETAIN_SELF = YES;
				CLANG_WARN_OBJC_LITERAL_CONVERSION = YES;
				CLANG_WARN_OBJC_ROOT_CLASS = YES_ERROR;
				CLANG_WARN_QUOTED_INCLUDE_IN_FRAMEWORK_HEADER = YES;
				CLANG_WARN_RANGE_LOOP_ANALYSIS = YES;
				CLANG_WARN_STRICT_PROTOTYPES = YES;
				CLANG_WARN_SUSPICIOUS_MOVE = YES;
				CLANG_WARN_UNGUARDED_AVAILABILITY = YES_AGGRESSIVE;
				CLANG_WARN_UNREACHABLE_CODE = YES;
				CLANG_WARN__DUPLICATE_METHOD_MATCH = YES;
				COPY_PHASE_STRIP = NO;
				DEBUG_INFORMATION_FORMAT = dwarf;
				ENABLE_STRICT_OBJC_MSGSEND = YES;
				ENABLE_TESTABILITY = YES;
				GCC_C_LANGUAGE_STANDARD = gnu11;
				GCC_DYNAMIC_NO_PIC = NO;
				GCC_NO_COMMON_BLOCKS = YES;
				GCC_OPTIMIZATION_LEVEL = 0;
				GCC_PREPROCESSOR_DEFINITIONS = (
					"DEBUG=1",
					"$(inherited)",
				);
				GCC_WARN_64_TO_32_BIT_CONVERSION = YES;
				GCC_WARN_ABOUT_RETURN_TYPE = YES_ERROR;
				GCC_WARN_UNDECLARED_SELECTOR = YES;
				GCC_WARN_UNINITIALIZED_AUTOS = YES_AGGRESSIVE;
				GCC_WARN_UNUSED_FUNCTION = YES;
				GCC_WARN_UNUSED_VARIABLE = YES;
				MACOSX_DEPLOYMENT_TARGET = 12.6;
				MTL_ENABLE_DEBUG_INFO = INCLUDE_SOURCE;
				MTL_FAST_MATH = YES;
				ONLY_ACTIVE_ARCH = YES;
				SDKROOT = macosx;
				SWIFT_ACTIVE_COMPILATION_CONDITIONS = DEBUG;
				SWIFT_OPTIMIZATION_LEVEL = "-Onone";
			};
			name = Debug;
		};
		8E933C272A64B3F2002D66E9 /* Release */ = {
			isa = XCBuildConfiguration;
			buildSettings = {
				ALWAYS_SEARCH_USER_PATHS = NO;
				CLANG_ANALYZER_NONNULL = YES;
				CLANG_ANALYZER_NUMBER_OBJECT_CONVERSION = YES_AGGRESSIVE;
				CLANG_CXX_LANGUAGE_STANDARD = "gnu++20";
				CLANG_ENABLE_MODULES = YES;
				CLANG_ENABLE_OBJC_ARC = YES;
				CLANG_ENABLE_OBJC_WEAK = YES;
				CLANG_WARN_BLOCK_CAPTURE_AUTORELEASING = YES;
				CLANG_WARN_BOOL_CONVERSION = YES;
				CLANG_WARN_COMMA = YES;
				CLANG_WARN_CONSTANT_CONVERSION = YES;
				CLANG_WARN_DEPRECATED_OBJC_IMPLEMENTATIONS = YES;
				CLANG_WARN_DIRECT_OBJC_ISA_USAGE = YES_ERROR;
				CLANG_WARN_DOCUMENTATION_COMMENTS = YES;
				CLANG_WARN_EMPTY_BODY = YES;
				CLANG_WARN_ENUM_CONVERSION = YES;
				CLANG_WARN_INFINITE_RECURSION = YES;
				CLANG_WARN_INT_CONVERSION = YES;
				CLANG_WARN_NON_LITERAL_NULL_CONVERSION = YES;
				CLANG_WARN_OBJC_IMPLICIT_RETAIN_SELF = YES;
				CLANG_WARN_OBJC_LITERAL_CONVERSION = YES;
				CLANG_WARN_OBJC_ROOT_CLASS = YES_ERROR;
				CLANG_WARN_QUOTED_INCLUDE_IN_FRAMEWORK_HEADER = YES;
				CLANG_WARN_RANGE_LOOP_ANALYSIS = YES;
				CLANG_WARN_STRICT_PROTOTYPES = YES;
				CLANG_WARN_SUSPICIOUS_MOVE = YES;
				CLANG_WARN_UNGUARDED_AVAILABILITY = YES_AGGRESSIVE;
				CLANG_WARN_UNREACHABLE_CODE = YES;
				CLANG_WARN__DUPLICATE_METHOD_MATCH = YES;
				COPY_PHASE_STRIP = NO;
				DEBUG_INFORMATION_FORMAT = "dwarf-with-dsym";
				ENABLE_NS_ASSERTIONS = NO;
				ENABLE_STRICT_OBJC_MSGSEND = YES;
				GCC_C_LANGUAGE_STANDARD = gnu11;
				GCC_NO_COMMON_BLOCKS = YES;
				GCC_WARN_64_TO_32_BIT_CONVERSION = YES;
				GCC_WARN_ABOUT_RETURN_TYPE = YES_ERROR;
				GCC_WARN_UNDECLARED_SELECTOR = YES;
				GCC_WARN_UNINITIALIZED_AUTOS = YES_AGGRESSIVE;
				GCC_WARN_UNUSED_FUNCTION = YES;
				GCC_WARN_UNUSED_VARIABLE = YES;
				MACOSX_DEPLOYMENT_TARGET = 12.6;
				MTL_ENABLE_DEBUG_INFO = NO;
				MTL_FAST_MATH = YES;
				SDKROOT = macosx;
				SWIFT_COMPILATION_MODE = wholemodule;
				SWIFT_OPTIMIZATION_LEVEL = "-O";
			};
			name = Release;
		};
		8E933C292A64B3F2002D66E9 /* Debug */ = {
			isa = XCBuildConfiguration;
			buildSettings = {
				CODE_SIGN_ENTITLEMENTS = AppMusicasComBanco/AppMusicasComBanco.entitlements;
				CODE_SIGN_STYLE = Automatic;
				DEVELOPMENT_TEAM = 7H43G7CK3U;
				ENABLE_HARDENED_RUNTIME = YES;
				PRODUCT_NAME = "$(TARGET_NAME)";
				SWIFT_VERSION = 5.0;
			};
			name = Debug;
		};
		8E933C2A2A64B3F2002D66E9 /* Release */ = {
			isa = XCBuildConfiguration;
			buildSettings = {
				CODE_SIGN_ENTITLEMENTS = AppMusicasComBanco/AppMusicasComBanco.entitlements;
				CODE_SIGN_STYLE = Automatic;
				DEVELOPMENT_TEAM = 7H43G7CK3U;
				ENABLE_HARDENED_RUNTIME = YES;
				PRODUCT_NAME = "$(TARGET_NAME)";
				SWIFT_VERSION = 5.0;
			};
			name = Release;
		};
/* End XCBuildConfiguration section */

/* Begin XCConfigurationList section */
		8E933C1C2A64B3F2002D66E9 /* Build configuration list for PBXProject "AppMusicasComBanco" */ = {
			isa = XCConfigurationList;
			buildConfigurations = (
				8E933C262A64B3F2002D66E9 /* Debug */,
				8E933C272A64B3F2002D66E9 /* Release */,
			);
			defaultConfigurationIsVisible = 0;
			defaultConfigurationName = Release;
		};
		8E933C282A64B3F2002D66E9 /* Build configuration list for PBXNativeTarget "AppMusicasComBanco" */ = {
			isa = XCConfigurationList;
			buildConfigurations = (
				8E933C292A64B3F2002D66E9 /* Debug */,
				8E933C2A2A64B3F2002D66E9 /* Release */,
			);
			defaultConfigurationIsVisible = 0;
			defaultConfigurationName = Release;
		};
/* End XCConfigurationList section */

/* Begin XCRemoteSwiftPackageReference section */
		8E933C2C2A64B694002D66E9 /* XCRemoteSwiftPackageReference "swiftkuerymysql" */ = {
			isa = XCRemoteSwiftPackageReference;
			repositoryURL = "https://github.com/kitura/swiftkuerymysql.git";
			requirement = {
				branch = master;
				kind = branch;
			};
		};
/* End XCRemoteSwiftPackageReference section */

/* Begin XCSwiftPackageProductDependency section */
		8E933C2D2A64B694002D66E9 /* SwiftKueryMySQL */ = {
			isa = XCSwiftPackageProductDependency;
			package = 8E933C2C2A64B694002D66E9 /* XCRemoteSwiftPackageReference "swiftkuerymysql" */;
			productName = SwiftKueryMySQL;
		};
/* End XCSwiftPackageProductDependency section */
	};
	rootObject = 8E933C192A64B3F2002D66E9 /* Project object */;
}
